// !$*UTF8*$!
{
	archiveVersion = 1;
	classes = {
	};
	objectVersion = 51;
	objects = {

/* Begin PBXBuildFile section */
		C268226D25181759003DC8C1 /* Lobster-Regular.ttf in Resources */ = {isa = PBXBuildFile; fileRef = C268226C25181759003DC8C1 /* Lobster-Regular.ttf */; };
		C2958E8B2507CD470004EB5F /* Category.swift in Sources */ = {isa = PBXBuildFile; fileRef = C2958E8A2507CD470004EB5F /* Category.swift */; };
		C2958E8D2507CD560004EB5F /* Item.swift in Sources */ = {isa = PBXBuildFile; fileRef = C2958E8C2507CD560004EB5F /* Item.swift */; };
		C2F002F725070F1800757B57 /* AppDelegate.swift in Sources */ = {isa = PBXBuildFile; fileRef = C2F002F625070F1800757B57 /* AppDelegate.swift */; };
		C2F002F925070F1800757B57 /* SceneDelegate.swift in Sources */ = {isa = PBXBuildFile; fileRef = C2F002F825070F1800757B57 /* SceneDelegate.swift */; };
		C2F002FE25070F1800757B57 /* Main.storyboard in Resources */ = {isa = PBXBuildFile; fileRef = C2F002FC25070F1800757B57 /* Main.storyboard */; };
		C2F0030025070F1D00757B57 /* Assets.xcassets in Resources */ = {isa = PBXBuildFile; fileRef = C2F002FF25070F1D00757B57 /* Assets.xcassets */; };
		C2F0030325070F1D00757B57 /* LaunchScreen.storyboard in Resources */ = {isa = PBXBuildFile; fileRef = C2F0030125070F1D00757B57 /* LaunchScreen.storyboard */; };
		C2F00310250713A800757B57 /* CategoryViewController.swift in Sources */ = {isa = PBXBuildFile; fileRef = C2F0030F250713A800757B57 /* CategoryViewController.swift */; };
		C2F003122507155000757B57 /* ItemViewController.swift in Sources */ = {isa = PBXBuildFile; fileRef = C2F003112507155000757B57 /* ItemViewController.swift */; };
		CCB8F2482D044DB801498DDD /* Pods_Todoey__Practice_2_.framework in Frameworks */ = {isa = PBXBuildFile; fileRef = 2EB7049F519234A555C991B4 /* Pods_Todoey__Practice_2_.framework */; };
/* End PBXBuildFile section */

/* Begin PBXFileReference section */
		2EB7049F519234A555C991B4 /* Pods_Todoey__Practice_2_.framework */ = {isa = PBXFileReference; explicitFileType = wrapper.framework; includeInIndex = 0; path = Pods_Todoey__Practice_2_.framework; sourceTree = BUILT_PRODUCTS_DIR; };
		490BEBDA660B96E2CCF54286 /* Pods-Todoey (Practice 2).debug.xcconfig */ = {isa = PBXFileReference; includeInIndex = 1; lastKnownFileType = text.xcconfig; name = "Pods-Todoey (Practice 2).debug.xcconfig"; path = "Target Support Files/Pods-Todoey (Practice 2)/Pods-Todoey (Practice 2).debug.xcconfig"; sourceTree = "<group>"; };
		B933191D1B9E7990CF961FB0 /* Pods-Todoey (Practice 2).release.xcconfig */ = {isa = PBXFileReference; includeInIndex = 1; lastKnownFileType = text.xcconfig; name = "Pods-Todoey (Practice 2).release.xcconfig"; path = "Target Support Files/Pods-Todoey (Practice 2)/Pods-Todoey (Practice 2).release.xcconfig"; sourceTree = "<group>"; };
		C268226C25181759003DC8C1 /* Lobster-Regular.ttf */ = {isa = PBXFileReference; lastKnownFileType = file; path = "Lobster-Regular.ttf"; sourceTree = "<group>"; };
		C2958E8A2507CD470004EB5F /* Category.swift */ = {isa = PBXFileReference; lastKnownFileType = sourcecode.swift; path = Category.swift; sourceTree = "<group>"; };
		C2958E8C2507CD560004EB5F /* Item.swift */ = {isa = PBXFileReference; lastKnownFileType = sourcecode.swift; path = Item.swift; sourceTree = "<group>"; };
		C2F002F325070F1800757B57 /* Todoey (Practice 2).app */ = {isa = PBXFileReference; explicitFileType = wrapper.application; includeInIndex = 0; path = "Todoey (Practice 2).app"; sourceTree = BUILT_PRODUCTS_DIR; };
		C2F002F625070F1800757B57 /* AppDelegate.swift */ = {isa = PBXFileReference; lastKnownFileType = sourcecode.swift; path = AppDelegate.swift; sourceTree = "<group>"; };
		C2F002F825070F1800757B57 /* SceneDelegate.swift */ = {isa = PBXFileReference; lastKnownFileType = sourcecode.swift; path = SceneDelegate.swift; sourceTree = "<group>"; };
		C2F002FD25070F1800757B57 /* Base */ = {isa = PBXFileReference; lastKnownFileType = file.storyboard; name = Base; path = Base.lproj/Main.storyboard; sourceTree = "<group>"; };
		C2F002FF25070F1D00757B57 /* Assets.xcassets */ = {isa = PBXFileReference; lastKnownFileType = folder.assetcatalog; path = Assets.xcassets; sourceTree = "<group>"; };
		C2F0030225070F1D00757B57 /* Base */ = {isa = PBXFileReference; lastKnownFileType = file.storyboard; name = Base; path = Base.lproj/LaunchScreen.storyboard; sourceTree = "<group>"; };
		C2F0030425070F1D00757B57 /* Info.plist */ = {isa = PBXFileReference; lastKnownFileType = text.plist.xml; path = Info.plist; sourceTree = "<group>"; };
		C2F0030F250713A800757B57 /* CategoryViewController.swift */ = {isa = PBXFileReference; lastKnownFileType = sourcecode.swift; path = CategoryViewController.swift; sourceTree = "<group>"; };
		C2F003112507155000757B57 /* ItemViewController.swift */ = {isa = PBXFileReference; lastKnownFileType = sourcecode.swift; path = ItemViewController.swift; sourceTree = "<group>"; };
/* End PBXFileReference section */

/* Begin PBXFrameworksBuildPhase section */
		C2F002F025070F1800757B57 /* Frameworks */ = {
			isa = PBXFrameworksBuildPhase;
			buildActionMask = 2147483647;
			files = (
				CCB8F2482D044DB801498DDD /* Pods_Todoey__Practice_2_.framework in Frameworks */,
			);
			runOnlyForDeploymentPostprocessing = 0;
		};
/* End PBXFrameworksBuildPhase section */

/* Begin PBXGroup section */
		33D4E2BA37EC613F5061BEF8 /* Pods */ = {
			isa = PBXGroup;
			children = (
				490BEBDA660B96E2CCF54286 /* Pods-Todoey (Practice 2).debug.xcconfig */,
				B933191D1B9E7990CF961FB0 /* Pods-Todoey (Practice 2).release.xcconfig */,
			);
			path = Pods;
			sourceTree = "<group>";
		};
		4D4FBA87211536C29249E56F /* Frameworks */ = {
			isa = PBXGroup;
			children = (
				2EB7049F519234A555C991B4 /* Pods_Todoey__Practice_2_.framework */,
			);
			name = Frameworks;
			sourceTree = "<group>";
		};
		C2F002EA25070F1800757B57 = {
			isa = PBXGroup;
			children = (
				C2F002F525070F1800757B57 /* Todoey (Practice 2) */,
				C2F002F425070F1800757B57 /* Products */,
				33D4E2BA37EC613F5061BEF8 /* Pods */,
				4D4FBA87211536C29249E56F /* Frameworks */,
			);
			sourceTree = "<group>";
		};
		C2F002F425070F1800757B57 /* Products */ = {
			isa = PBXGroup;
			children = (
				C2F002F325070F1800757B57 /* Todoey (Practice 2).app */,
			);
			name = Products;
			sourceTree = "<group>";
		};
		C2F002F525070F1800757B57 /* Todoey (Practice 2) */ = {
			isa = PBXGroup;
			children = (
				C2F0030A2507125800757B57 /* Model */,
				C2F0030C2507126900757B57 /* View */,
				C2F0030B2507126200757B57 /* Controller */,
				C2F002F625070F1800757B57 /* AppDelegate.swift */,
				C2F002F825070F1800757B57 /* SceneDelegate.swift */,
				C2F002FF25070F1D00757B57 /* Assets.xcassets */,
				C2F0030125070F1D00757B57 /* LaunchScreen.storyboard */,
				C2F0030425070F1D00757B57 /* Info.plist */,
				C268226C25181759003DC8C1 /* Lobster-Regular.ttf */,
			);
			path = "Todoey (Practice 2)";
			sourceTree = "<group>";
		};
		C2F0030A2507125800757B57 /* Model */ = {
			isa = PBXGroup;
			children = (
				C2958E8A2507CD470004EB5F /* Category.swift */,
				C2958E8C2507CD560004EB5F /* Item.swift */,
			);
			path = Model;
			sourceTree = "<group>";
		};
		C2F0030B2507126200757B57 /* Controller */ = {
			isa = PBXGroup;
			children = (
				C2F0030F250713A800757B57 /* CategoryViewController.swift */,
				C2F003112507155000757B57 /* ItemViewController.swift */,
			);
			path = Controller;
			sourceTree = "<group>";
		};
		C2F0030C2507126900757B57 /* View */ = {
			isa = PBXGroup;
			children = (
				C2F002FC25070F1800757B57 /* Main.storyboard */,
			);
			path = View;
			sourceTree = "<group>";
		};
/* End PBXGroup section */

/* Begin PBXNativeTarget section */
		C2F002F225070F1800757B57 /* Todoey (Practice 2) */ = {
			isa = PBXNativeTarget;
			buildConfigurationList = C2F0030725070F1D00757B57 /* Build configuration list for PBXNativeTarget "Todoey (Practice 2)" */;
			buildPhases = (
				460CBD6A8EC378148D11178C /* [CP] Check Pods Manifest.lock */,
				C2F002EF25070F1800757B57 /* Sources */,
				C2F002F025070F1800757B57 /* Frameworks */,
				C2F002F125070F1800757B57 /* Resources */,
				B7F4979FCC8B4DAC8BA030C6 /* [CP] Embed Pods Frameworks */,
			);
			buildRules = (
			);
			dependencies = (
			);
			name = "Todoey (Practice 2)";
			productName = "Todoey (Practice 2)";
			productReference = C2F002F325070F1800757B57 /* Todoey (Practice 2).app */;
			productType = "com.apple.product-type.application";
		};
/* End PBXNativeTarget section */

/* Begin PBXProject section */
		C2F002EB25070F1800757B57 /* Project object */ = {
			isa = PBXProject;
			attributes = {
				LastSwiftUpdateCheck = 1160;
				LastUpgradeCheck = 1200;
				ORGANIZATIONNAME = "Michael Handkins";
				TargetAttributes = {
					C2F002F225070F1800757B57 = {
						CreatedOnToolsVersion = 11.6;
					};
				};
			};
			buildConfigurationList = C2F002EE25070F1800757B57 /* Build configuration list for PBXProject "Todoey (Practice 2)" */;
			compatibilityVersion = "Xcode 9.3";
			developmentRegion = en;
			hasScannedForEncodings = 0;
			knownRegions = (
				en,
				Base,
			);
			mainGroup = C2F002EA25070F1800757B57;
			productRefGroup = C2F002F425070F1800757B57 /* Products */;
			projectDirPath = "";
			projectRoot = "";
			targets = (
				C2F002F225070F1800757B57 /* Todoey (Practice 2) */,
			);
		};
/* End PBXProject section */

/* Begin PBXResourcesBuildPhase section */
		C2F002F125070F1800757B57 /* Resources */ = {
			isa = PBXResourcesBuildPhase;
			buildActionMask = 2147483647;
			files = (
				C2F0030325070F1D00757B57 /* LaunchScreen.storyboard in Resources */,
				C268226D25181759003DC8C1 /* Lobster-Regular.ttf in Resources */,
				C2F0030025070F1D00757B57 /* Assets.xcassets in Resources */,
				C2F002FE25070F1800757B57 /* Main.storyboard in Resources */,
			);
			runOnlyForDeploymentPostprocessing = 0;
		};
/* End PBXResourcesBuildPhase section */

/* Begin PBXShellScriptBuildPhase section */
		460CBD6A8EC378148D11178C /* [CP] Check Pods Manifest.lock */ = {
			isa = PBXShellScriptBuildPhase;
			buildActionMask = 2147483647;
			files = (
			);
			inputFileListPaths = (
			);
			inputPaths = (
				"${PODS_PODFILE_DIR_PATH}/Podfile.lock",
				"${PODS_ROOT}/Manifest.lock",
			);
			name = "[CP] Check Pods Manifest.lock";
			outputFileListPaths = (
			);
			outputPaths = (
				"$(DERIVED_FILE_DIR)/Pods-Todoey (Practice 2)-checkManifestLockResult.txt",
			);
			runOnlyForDeploymentPostprocessing = 0;
			shellPath = /bin/sh;
			shellScript = "diff \"${PODS_PODFILE_DIR_PATH}/Podfile.lock\" \"${PODS_ROOT}/Manifest.lock\" > /dev/null\nif [ $? != 0 ] ; then\n    # print error to STDERR\n    echo \"error: The sandbox is not in sync with the Podfile.lock. Run 'pod install' or update your CocoaPods installation.\" >&2\n    exit 1\nfi\n# This output is used by Xcode 'outputs' to avoid re-running this script phase.\necho \"SUCCESS\" > \"${SCRIPT_OUTPUT_FILE_0}\"\n";
			showEnvVarsInLog = 0;
		};
		B7F4979FCC8B4DAC8BA030C6 /* [CP] Embed Pods Frameworks */ = {
			isa = PBXShellScriptBuildPhase;
			buildActionMask = 2147483647;
			files = (
			);
			inputFileListPaths = (
				"${PODS_ROOT}/Target Support Files/Pods-Todoey (Practice 2)/Pods-Todoey (Practice 2)-frameworks-${CONFIGURATION}-input-files.xcfilelist",
			);
			name = "[CP] Embed Pods Frameworks";
			outputFileListPaths = (
				"${PODS_ROOT}/Target Support Files/Pods-Todoey (Practice 2)/Pods-Todoey (Practice 2)-frameworks-${CONFIGURATION}-output-files.xcfilelist",
			);
			runOnlyForDeploymentPostprocessing = 0;
			shellPath = /bin/sh;
			shellScript = "\"${PODS_ROOT}/Target Support Files/Pods-Todoey (Practice 2)/Pods-Todoey (Practice 2)-frameworks.sh\"\n";
			showEnvVarsInLog = 0;
		};
/* End PBXShellScriptBuildPhase section */

/* Begin PBXSourcesBuildPhase section */
		C2F002EF25070F1800757B57 /* Sources */ = {
			isa = PBXSourcesBuildPhase;
			buildActionMask = 2147483647;
			files = (
				C2F00310250713A800757B57 /* CategoryViewController.swift in Sources */,
				C2958E8B2507CD470004EB5F /* Category.swift in Sources */,
				C2F003122507155000757B57 /* ItemViewController.swift in Sources */,
				C2F002F725070F1800757B57 /* AppDelegate.swift in Sources */,
				C2958E8D2507CD560004EB5F /* Item.swift in Sources */,
				C2F002F925070F1800757B57 /* SceneDelegate.swift in Sources */,
			);
			runOnlyForDeploymentPostprocessing = 0;
		};
/* End PBXSourcesBuildPhase section */

/* Begin PBXVariantGroup section */
		C2F002FC25070F1800757B57 /* Main.storyboard */ = {
			isa = PBXVariantGroup;
			children = (
				C2F002FD25070F1800757B57 /* Base */,
			);
			name = Main.storyboard;
			sourceTree = "<group>";
		};
		C2F0030125070F1D00757B57 /* LaunchScreen.storyboard */ = {
			isa = PBXVariantGroup;
			children = (
				C2F0030225070F1D00757B57 /* Base */,
			);
			name = LaunchScreen.storyboard;
			sourceTree = "<group>";
		};
/* End PBXVariantGroup section */

/* Begin XCBuildConfiguration section */
		C2F0030525070F1D00757B57 /* Debug */ = {
			isa = XCBuildConfiguration;
			buildSettings = {
				ALWAYS_SEARCH_USER_PATHS = NO;
				CLANG_ANALYZER_NONNULL = YES;
				CLANG_ANALYZER_NUMBER_OBJECT_CONVERSION = YES_AGGRESSIVE;
				CLANG_CXX_LANGUAGE_STANDARD = "gnu++14";
				CLANG_CXX_LIBRARY = "libc++";
				CLANG_ENABLE_MODULES = YES;
				CLANG_ENABLE_OBJC_ARC = YES;
				CLANG_ENABLE_OBJC_WEAK = YES;
				CLANG_WARN_BLOCK_CAPTURE_AUTORELEASING = YES;
				CLANG_WARN_BOOL_CONVERSION = YES;
				CLANG_WARN_COMMA = YES;
				CLANG_WARN_CONSTANT_CONVERSION = YES;
				CLANG_WARN_DEPRECATED_OBJC_IMPLEMENTATIONS = YES;
				CLANG_WARN_DIRECT_OBJC_ISA_USAGE = YES_ERROR;
				CLANG_WARN_DOCUMENTATION_COMMENTS = YES;
				CLANG_WARN_EMPTY_BODY = YES;
				CLANG_WARN_ENUM_CONVERSION = YES;
				CLANG_WARN_INFINITE_RECURSION = YES;
				CLANG_WARN_INT_CONVERSION = YES;
				CLANG_WARN_NON_LITERAL_NULL_CONVERSION = YES;
				CLANG_WARN_OBJC_IMPLICIT_RETAIN_SELF = YES;
				CLANG_WARN_OBJC_LITERAL_CONVERSION = YES;
				CLANG_WARN_OBJC_ROOT_CLASS = YES_ERROR;
				CLANG_WARN_QUOTED_INCLUDE_IN_FRAMEWORK_HEADER = YES;
				CLANG_WARN_RANGE_LOOP_ANALYSIS = YES;
				CLANG_WARN_STRICT_PROTOTYPES = YES;
				CLANG_WARN_SUSPICIOUS_MOVE = YES;
				CLANG_WARN_UNGUARDED_AVAILABILITY = YES_AGGRESSIVE;
				CLANG_WARN_UNREACHABLE_CODE = YES;
				CLANG_WARN__DUPLICATE_METHOD_MATCH = YES;
				COPY_PHASE_STRIP = NO;
				DEBUG_INFORMATION_FORMAT = dwarf;
				ENABLE_STRICT_OBJC_MSGSEND = YES;
				ENABLE_TESTABILITY = YES;
				GCC_C_LANGUAGE_STANDARD = gnu11;
				GCC_DYNAMIC_NO_PIC = NO;
				GCC_NO_COMMON_BLOCKS = YES;
				GCC_OPTIMIZATION_LEVEL = 0;
				GCC_PREPROCESSOR_DEFINITIONS = (
					"DEBUG=1",
					"$(inherited)",
				);
				GCC_WARN_64_TO_32_BIT_CONVERSION = YES;
				GCC_WARN_ABOUT_RETURN_TYPE = YES_ERROR;
				GCC_WARN_UNDECLARED_SELECTOR = YES;
				GCC_WARN_UNINITIALIZED_AUTOS = YES_AGGRESSIVE;
				GCC_WARN_UNUSED_FUNCTION = YES;
				GCC_WARN_UNUSED_VARIABLE = YES;
				IPHONEOS_DEPLOYMENT_TARGET = 13.0;
				MTL_ENABLE_DEBUG_INFO = INCLUDE_SOURCE;
				MTL_FAST_MATH = YES;
				ONLY_ACTIVE_ARCH = YES;
				SDKROOT = iphoneos;
				SWIFT_ACTIVE_COMPILATION_CONDITIONS = DEBUG;
				SWIFT_OPTIMIZATION_LEVEL = "-Onone";
			};
			name = Debug;
		};
		C2F0030625070F1D00757B57 /* Release */ = {
			isa = XCBuildConfiguration;
			buildSettings = {
				ALWAYS_SEARCH_USER_PATHS = NO;
				CLANG_ANALYZER_NONNULL = YES;
				CLANG_ANALYZER_NUMBER_OBJECT_CONVERSION = YES_AGGRESSIVE;
				CLANG_CXX_LANGUAGE_STANDARD = "gnu++14";
				CLANG_CXX_LIBRARY = "libc++";
				CLANG_ENABLE_MODULES = YES;
				CLANG_ENABLE_OBJC_ARC = YES;
				CLANG_ENABLE_OBJC_WEAK = YES;
				CLANG_WARN_BLOCK_CAPTURE_AUTORELEASING = YES;
				CLANG_WARN_BOOL_CONVERSION = YES;
				CLANG_WARN_COMMA = YES;
				CLANG_WARN_CONSTANT_CONVERSION = YES;
				CLANG_WARN_DEPRECATED_OBJC_IMPLEMENTATIONS = YES;
				CLANG_WARN_DIRECT_OBJC_ISA_USAGE = YES_ERROR;
				CLANG_WARN_DOCUMENTATION_COMMENTS = YES;
				CLANG_WARN_EMPTY_BODY = YES;
				CLANG_WARN_ENUM_CONVERSION = YES;
				CLANG_WARN_INFINITE_RECURSION = YES;
				CLANG_WARN_INT_CONVERSION = YES;
				CLANG_WARN_NON_LITERAL_NULL_CONVERSION = YES;
				CLANG_WARN_OBJC_IMPLICIT_RETAIN_SELF = YES;
				CLANG_WARN_OBJC_LITERAL_CONVERSION = YES;
				CLANG_WARN_OBJC_ROOT_CLASS = YES_ERROR;
				CLANG_WARN_QUOTED_INCLUDE_IN_FRAMEWORK_HEADER = YES;
				CLANG_WARN_RANGE_LOOP_ANALYSIS = YES;
				CLANG_WARN_STRICT_PROTOTYPES = YES;
				CLANG_WARN_SUSPICIOUS_MOVE = YES;
				CLANG_WARN_UNGUARDED_AVAILABILITY = YES_AGGRESSIVE;
				CLANG_WARN_UNREACHABLE_CODE = YES;
				CLANG_WARN__DUPLICATE_METHOD_MATCH = YES;
				COPY_PHASE_STRIP = NO;
				DEBUG_INFORMATION_FORMAT = "dwarf-with-dsym";
				ENABLE_NS_ASSERTIONS = NO;
				ENABLE_STRICT_OBJC_MSGSEND = YES;
				GCC_C_LANGUAGE_STANDARD = gnu11;
				GCC_NO_COMMON_BLOCKS = YES;
				GCC_WARN_64_TO_32_BIT_CONVERSION = YES;
				GCC_WARN_ABOUT_RETURN_TYPE = YES_ERROR;
				GCC_WARN_UNDECLARED_SELECTOR = YES;
				GCC_WARN_UNINITIALIZED_AUTOS = YES_AGGRESSIVE;
				GCC_WARN_UNUSED_FUNCTION = YES;
				GCC_WARN_UNUSED_VARIABLE = YES;
				IPHONEOS_DEPLOYMENT_TARGET = 13.0;
				MTL_ENABLE_DEBUG_INFO = NO;
				MTL_FAST_MATH = YES;
				SDKROOT = iphoneos;
				SWIFT_COMPILATION_MODE = wholemodule;
				SWIFT_OPTIMIZATION_LEVEL = "-O";
				VALIDATE_PRODUCT = YES;
			};
			name = Release;
		};
		C2F0030825070F1D00757B57 /* Debug */ = {
			isa = XCBuildConfiguration;
			baseConfigurationReference = 490BEBDA660B96E2CCF54286 /* Pods-Todoey (Practice 2).debug.xcconfig */;
			buildSettings = {
				ASSETCATALOG_COMPILER_APPICON_NAME = AppIcon;
				CODE_SIGN_STYLE = Automatic;
				DEVELOPMENT_TEAM = DT454V4AJ9;
				INFOPLIST_FILE = "Todoey (Practice 2)/Info.plist";
				LD_RUNPATH_SEARCH_PATHS = (
					"$(inherited)",
					"@executable_path/Frameworks",
				);
				PRODUCT_BUNDLE_IDENTIFIER = "com.michaelhandkins.do-it-baby";
				PRODUCT_NAME = "$(TARGET_NAME)";
				SWIFT_VERSION = 5.0;
				TARGETED_DEVICE_FAMILY = "1,2";
			};
			name = Debug;
		};
		C2F0030925070F1D00757B57 /* Release */ = {
			isa = XCBuildConfiguration;
			baseConfigurationReference = B933191D1B9E7990CF961FB0 /* Pods-Todoey (Practice 2).release.xcconfig */;
			buildSettings = {
				ASSETCATALOG_COMPILER_APPICON_NAME = AppIcon;
				CODE_SIGN_STYLE = Automatic;
				DEVELOPMENT_TEAM = DT454V4AJ9;
				INFOPLIST_FILE = "Todoey (Practice 2)/Info.plist";
				LD_RUNPATH_SEARCH_PATHS = (
					"$(inherited)",
					"@executable_path/Frameworks",
				);
				PRODUCT_BUNDLE_IDENTIFIER = "com.michaelhandkins.do-it-baby";
				PRODUCT_NAME = "$(TARGET_NAME)";
				SWIFT_VERSION = 5.0;
				TARGETED_DEVICE_FAMILY = "1,2";
			};
			name = Release;
		};
/* End XCBuildConfiguration section */

/* Begin XCConfigurationList section */
		C2F002EE25070F1800757B57 /* Build configuration list for PBXProject "Todoey (Practice 2)" */ = {
			isa = XCConfigurationList;
			buildConfigurations = (
				C2F0030525070F1D00757B57 /* Debug */,
				C2F0030625070F1D00757B57 /* Release */,
			);
			defaultConfigurationIsVisible = 0;
			defaultConfigurationName = Release;
		};
		C2F0030725070F1D00757B57 /* Build configuration list for PBXNativeTarget "Todoey (Practice 2)" */ = {
			isa = XCConfigurationList;
			buildConfigurations = (
				C2F0030825070F1D00757B57 /* Debug */,
				C2F0030925070F1D00757B57 /* Release */,
			);
			defaultConfigurationIsVisible = 0;
			defaultConfigurationName = Release;
		};
/* End XCConfigurationList section */
	};
	rootObject = C2F002EB25070F1800757B57 /* Project object */;
}
